
Microsoft Visual Studio Solution File, Format Version 12.00
Project("{FAE04EC0-301F-11D3-BF4B-00C04F79EFBC}") = "StringLibrary", "StringLibrary\StringLibrary.csproj", "{E6613F6B-3F06-4DBD-9425-D6748299DFAD}"
EndProject
Project("{FAE04EC0-301F-11D3-BF4B-00C04F79EFBC}") = "StringLibraryTest", "StringLibraryTest\StringLibraryTest.csproj", "{8111AF2B-0968-47C2-8FF8-E62A7CC489A5}"
EndProject
Global
	GlobalSection(SolutionConfigurationPlatforms) = preSolution
		Debug|Any CPU = Debug|Any CPU
		Release|Any CPU = Release|Any CPU
	EndGlobalSection
	GlobalSection(ProjectConfigurationPlatforms) = postSolution
		{E6613F6B-3F06-4DBD-9425-D6748299DFAD}.Debug|Any CPU.ActiveCfg = Debug|Any CPU
		{E6613F6B-3F06-4DBD-9425-D6748299DFAD}.Debug|Any CPU.Build.0 = Debug|Any CPU
		{E6613F6B-3F06-4DBD-9425-D6748299DFAD}.Release|Any CPU.ActiveCfg = Release|Any CPU
		{E6613F6B-3F06-4DBD-9425-D6748299DFAD}.Release|Any CPU.Build.0 = Release|Any CPU
		{8111AF2B-0968-47C2-8FF8-E62A7CC489A5}.Debug|Any CPU.ActiveCfg = Debug|Any CPU
		{8111AF2B-0968-47C2-8FF8-E62A7CC489A5}.Debug|Any CPU.Build.0 = Debug|Any CPU
		{8111AF2B-0968-47C2-8FF8-E62A7CC489A5}.Release|Any CPU.ActiveCfg = Release|Any CPU
		{8111AF2B-0968-47C2-8FF8-E62A7CC489A5}.Release|Any CPU.Build.0 = Release|Any CPU
	EndGlobalSection
EndGlobal
